
Microsoft Visual Studio Solution File, Format Version 12.00
# Visual Studio Version 17
VisualStudioVersion = 17.13.35825.156 d17.13
MinimumVisualStudioVersion = 10.0.40219.1
Project("{FAE04EC0-301F-11D3-BF4B-00C04F79EFBC}") = "task cis", "task cis\task cis.csproj", "{42AFA405-543B-4755-9EE0-DE768C030745}"
EndProject
Global
	GlobalSection(SolutionConfigurationPlatforms) = preSolution
		Debug|Any CPU = Debug|Any CPU
		Release|Any CPU = Release|Any CPU
	EndGlobalSection
	GlobalSection(ProjectConfigurationPlatforms) = postSolution
		{42AFA405-543B-4755-9EE0-DE768C030745}.Debug|Any CPU.ActiveCfg = Debug|Any CPU
		{42AFA405-543B-4755-9EE0-DE768C030745}.Debug|Any CPU.Build.0 = Debug|Any CPU
		{42AFA405-543B-4755-9EE0-DE768C030745}.Release|Any CPU.ActiveCfg = Release|Any CPU
		{42AFA405-543B-4755-9EE0-DE768C030745}.Release|Any CPU.Build.0 = Release|Any CPU
	EndGlobalSection
	GlobalSection(SolutionProperties) = preSolution
		HideSolutionNode = FALSE
	EndGlobalSection
	GlobalSection(ExtensibilityGlobals) = postSolution
		SolutionGuid = {9EAAF19A-BB35-4750-9028-5FE301F13A26}
	EndGlobalSection
EndGlobal
