
Microsoft Visual Studio Solution File, Format Version 12.00
# Visual Studio Version 17
VisualStudioVersion = 17.11.35219.272
MinimumVisualStudioVersion = 10.0.40219.1
Project("{FAE04EC0-301F-11D3-BF4B-00C04F79EFBC}") = "Carproject", "Carproject\Carproject.csproj", "{8B0AE3B9-4D8F-49C7-BCCB-2CE000F51552}"
EndProject
Global
	GlobalSection(SolutionConfigurationPlatforms) = preSolution
		Debug|Any CPU = Debug|Any CPU
		Release|Any CPU = Release|Any CPU
	EndGlobalSection
	GlobalSection(ProjectConfigurationPlatforms) = postSolution
		{8B0AE3B9-4D8F-49C7-BCCB-2CE000F51552}.Debug|Any CPU.ActiveCfg = Debug|Any CPU
		{8B0AE3B9-4D8F-49C7-BCCB-2CE000F51552}.Debug|Any CPU.Build.0 = Debug|Any CPU
		{8B0AE3B9-4D8F-49C7-BCCB-2CE000F51552}.Release|Any CPU.ActiveCfg = Release|Any CPU
		{8B0AE3B9-4D8F-49C7-BCCB-2CE000F51552}.Release|Any CPU.Build.0 = Release|Any CPU
	EndGlobalSection
	GlobalSection(SolutionProperties) = preSolution
		HideSolutionNode = FALSE
	EndGlobalSection
	GlobalSection(ExtensibilityGlobals) = postSolution
		SolutionGuid = {358F8297-6203-4B38-96B2-6D2460494CC0}
	EndGlobalSection
EndGlobal
