
Microsoft Visual Studio Solution File, Format Version 12.00
# Visual Studio Version 17
VisualStudioVersion = 17.11.35219.272
MinimumVisualStudioVersion = 10.0.40219.1
Project("{FAE04EC0-301F-11D3-BF4B-00C04F79EFBC}") = "LibrarySystem", "LibrarySystem\LibrarySystem.csproj", "{191BB591-4F6C-4DEA-A0FF-69BAA86D174A}"
EndProject
Global
	GlobalSection(SolutionConfigurationPlatforms) = preSolution
		Debug|Any CPU = Debug|Any CPU
		Release|Any CPU = Release|Any CPU
	EndGlobalSection
	GlobalSection(ProjectConfigurationPlatforms) = postSolution
		{191BB591-4F6C-4DEA-A0FF-69BAA86D174A}.Debug|Any CPU.ActiveCfg = Debug|Any CPU
		{191BB591-4F6C-4DEA-A0FF-69BAA86D174A}.Debug|Any CPU.Build.0 = Debug|Any CPU
		{191BB591-4F6C-4DEA-A0FF-69BAA86D174A}.Release|Any CPU.ActiveCfg = Release|Any CPU
		{191BB591-4F6C-4DEA-A0FF-69BAA86D174A}.Release|Any CPU.Build.0 = Release|Any CPU
	EndGlobalSection
	GlobalSection(SolutionProperties) = preSolution
		HideSolutionNode = FALSE
	EndGlobalSection
	GlobalSection(ExtensibilityGlobals) = postSolution
		SolutionGuid = {705D4831-91F6-4AD7-A6DB-22BEC4957F05}
	EndGlobalSection
EndGlobal
